{
  "name": "cesium-project",
  "version": "1.0.0",
  "lockfileVersion": 1,
  "requires": true,
  "dependencies": {
    "cesium": {
      "version": "1.58.1",
      "resolved": "https://registry.npmjs.org/cesium/-/cesium-1.58.1.tgz",
      "integrity": "sha512-P15it6Cdvse/fkc2j9jnzjQa8jxoEqYPKNuXvwnqHFSjIda/9HzojWPVl3dTwr3HStJ8e11UXwjB2grHw3vGiQ==",
      "requires": {
        "requirejs": "^2.3.2"
      }
    },
    "requirejs": {
      "version": "2.3.6",
      "resolved": "https://registry.npmjs.org/requirejs/-/requirejs-2.3.6.tgz",
      "integrity": "sha512-ipEzlWQe6RK3jkzikgCupiTbTvm4S0/CAU5GlgptkN5SO6F3u0UD0K18wy6ErDqiCyP4J4YYe1HuAShvsxePLg=="
    }
  }
}
